
Microsoft Visual Studio Solution File, Format Version 12.00
# Visual Studio Version 17
VisualStudioVersion = 17.5.33516.290
MinimumVisualStudioVersion = 10.0.40219.1
Project("{8BC9CEB8-8B4A-11D0-8D11-00A0C91BC942}") = "ImGuiDesigner", "ImGuiDesigner\ImGuiDesigner.vcxproj", "{51ED66B7-BDAD-E2ED-86E8-2B6BF26727CA}"
EndProject
Project("{2150E333-8FDC-42A3-9474-1A3956D46DE8}") = "Core", "Core", "{15A0C35D-0158-05AB-6A5F-DE065636A09B}"
EndProject
Project("{8BC9CEB8-8B4A-11D0-8D11-00A0C91BC942}") = "Walnut", "Walnut\Walnut\Walnut.vcxproj", "{C038E8D9-ACDA-12B0-9595-260481D69900}"
EndProject
Project("{2150E333-8FDC-42A3-9474-1A3956D46DE8}") = "Dependencies", "Dependencies", "{53E47842-3FC8-3998-A828-34EB942B241A}"
EndProject
Project("{8BC9CEB8-8B4A-11D0-8D11-00A0C91BC942}") = "GLFW", "Walnut\vendor\glfw\GLFW.vcxproj", "{154B857C-0182-860D-AA6E-6C109684020F}"
EndProject
Project("{8BC9CEB8-8B4A-11D0-8D11-00A0C91BC942}") = "ImGui", "Walnut\vendor\imgui\ImGui.vcxproj", "{C0FF640D-2C14-8DBE-F595-301E616989EF}"
EndProject
Global
	GlobalSection(SolutionConfigurationPlatforms) = preSolution
		Debug|x64 = Debug|x64
		Dist|x64 = Dist|x64
		Release|x64 = Release|x64
	EndGlobalSection
	GlobalSection(ProjectConfigurationPlatforms) = postSolution
		{51ED66B7-BDAD-E2ED-86E8-2B6BF26727CA}.Debug|x64.ActiveCfg = Debug|x64
		{51ED66B7-BDAD-E2ED-86E8-2B6BF26727CA}.Debug|x64.Build.0 = Debug|x64
		{51ED66B7-BDAD-E2ED-86E8-2B6BF26727CA}.Dist|x64.ActiveCfg = Dist|x64
		{51ED66B7-BDAD-E2ED-86E8-2B6BF26727CA}.Dist|x64.Build.0 = Dist|x64
		{51ED66B7-BDAD-E2ED-86E8-2B6BF26727CA}.Release|x64.ActiveCfg = Release|x64
		{51ED66B7-BDAD-E2ED-86E8-2B6BF26727CA}.Release|x64.Build.0 = Release|x64
		{C038E8D9-ACDA-12B0-9595-260481D69900}.Debug|x64.ActiveCfg = Debug|x64
		{C038E8D9-ACDA-12B0-9595-260481D69900}.Debug|x64.Build.0 = Debug|x64
		{C038E8D9-ACDA-12B0-9595-260481D69900}.Dist|x64.ActiveCfg = Dist|x64
		{C038E8D9-ACDA-12B0-9595-260481D69900}.Dist|x64.Build.0 = Dist|x64
		{C038E8D9-ACDA-12B0-9595-260481D69900}.Release|x64.ActiveCfg = Release|x64
		{C038E8D9-ACDA-12B0-9595-260481D69900}.Release|x64.Build.0 = Release|x64
		{154B857C-0182-860D-AA6E-6C109684020F}.Debug|x64.ActiveCfg = Debug|x64
		{154B857C-0182-860D-AA6E-6C109684020F}.Debug|x64.Build.0 = Debug|x64
		{154B857C-0182-860D-AA6E-6C109684020F}.Dist|x64.ActiveCfg = Dist|x64
		{154B857C-0182-860D-AA6E-6C109684020F}.Dist|x64.Build.0 = Dist|x64
		{154B857C-0182-860D-AA6E-6C109684020F}.Release|x64.ActiveCfg = Release|x64
		{154B857C-0182-860D-AA6E-6C109684020F}.Release|x64.Build.0 = Release|x64
		{C0FF640D-2C14-8DBE-F595-301E616989EF}.Debug|x64.ActiveCfg = Debug|x64
		{C0FF640D-2C14-8DBE-F595-301E616989EF}.Debug|x64.Build.0 = Debug|x64
		{C0FF640D-2C14-8DBE-F595-301E616989EF}.Dist|x64.ActiveCfg = Dist|x64
		{C0FF640D-2C14-8DBE-F595-301E616989EF}.Dist|x64.Build.0 = Dist|x64
		{C0FF640D-2C14-8DBE-F595-301E616989EF}.Release|x64.ActiveCfg = Release|x64
		{C0FF640D-2C14-8DBE-F595-301E616989EF}.Release|x64.Build.0 = Release|x64
	EndGlobalSection
	GlobalSection(SolutionProperties) = preSolution
		HideSolutionNode = FALSE
	EndGlobalSection
	GlobalSection(NestedProjects) = preSolution
		{C038E8D9-ACDA-12B0-9595-260481D69900} = {15A0C35D-0158-05AB-6A5F-DE065636A09B}
		{154B857C-0182-860D-AA6E-6C109684020F} = {53E47842-3FC8-3998-A828-34EB942B241A}
		{C0FF640D-2C14-8DBE-F595-301E616989EF} = {53E47842-3FC8-3998-A828-34EB942B241A}
	EndGlobalSection
EndGlobal
