<?xml version="1.0" encoding="utf-8"?>
<Project ToolsVersion="4.0" xmlns="http://schemas.microsoft.com/developer/msbuild/2003">
  <ItemGroup>
    <Filter Include="include">
      <UniqueIdentifier>{89AF369E-F58E-B539-FEA6-40106A051C9B}</UniqueIdentifier>
    </Filter>
    <Filter Include="include\GLFW">
      <UniqueIdentifier>{6888C969-54EB-580E-FD70-91C4E9B22491}</UniqueIdentifier>
    </Filter>
    <Filter Include="src">
      <UniqueIdentifier>{2DAB880B-99B4-887C-2230-9F7C8E38947C}</UniqueIdentifier>
    </Filter>
  </ItemGroup>
  <ItemGroup>
    <ClInclude Include="include\GLFW\glfw3.h">
      <Filter>include\GLFW</Filter>
    </ClInclude>
    <ClInclude Include="include\GLFW\glfw3native.h">
      <Filter>include\GLFW</Filter>
    </ClInclude>
    <ClInclude Include="src\glfw_config.h">
      <Filter>src</Filter>
    </ClInclude>
  </ItemGroup>
  <ItemGroup>
    <ClCompile Include="src\context.c">
      <Filter>src</Filter>
    </ClCompile>
    <ClCompile Include="src\egl_context.c">
      <Filter>src</Filter>
    </ClCompile>
    <ClCompile Include="src\init.c">
      <Filter>src</Filter>
    </ClCompile>
    <ClCompile Include="src\input.c">
      <Filter>src</Filter>
    </ClCompile>
    <ClCompile Include="src\monitor.c">
      <Filter>src</Filter>
    </ClCompile>
    <ClCompile Include="src\null_init.c">
      <Filter>src</Filter>
    </ClCompile>
    <ClCompile Include="src\null_joystick.c">
      <Filter>src</Filter>
    </ClCompile>
    <ClCompile Include="src\null_monitor.c">
      <Filter>src</Filter>
    </ClCompile>
    <ClCompile Include="src\null_window.c">
      <Filter>src</Filter>
    </ClCompile>
    <ClCompile Include="src\osmesa_context.c">
      <Filter>src</Filter>
    </ClCompile>
    <ClCompile Include="src\platform.c">
      <Filter>src</Filter>
    </ClCompile>
    <ClCompile Include="src\vulkan.c">
      <Filter>src</Filter>
    </ClCompile>
    <ClCompile Include="src\wgl_context.c">
      <Filter>src</Filter>
    </ClCompile>
    <ClCompile Include="src\win32_init.c">
      <Filter>src</Filter>
    </ClCompile>
    <ClCompile Include="src\win32_joystick.c">
      <Filter>src</Filter>
    </ClCompile>
    <ClCompile Include="src\win32_module.c">
      <Filter>src</Filter>
    </ClCompile>
    <ClCompile Include="src\win32_monitor.c">
      <Filter>src</Filter>
    </ClCompile>
    <ClCompile Include="src\win32_thread.c">
      <Filter>src</Filter>
    </ClCompile>
    <ClCompile Include="src\win32_time.c">
      <Filter>src</Filter>
    </ClCompile>
    <ClCompile Include="src\win32_window.c">
      <Filter>src</Filter>
    </ClCompile>
    <ClCompile Include="src\window.c">
      <Filter>src</Filter>
    </ClCompile>
  </ItemGroup>
</Project>